
Microsoft Visual Studio Solution File, Format Version 12.00
# Visual Studio Version 17
VisualStudioVersion = 17.8.34511.84
MinimumVisualStudioVersion = 10.0.40219.1
Project("{FAE04EC0-301F-11D3-BF4B-00C04F79EFBC}") = "MyLeetCodeAlgorithms", "MyLeetCodeAlgorithms\MyLeetCodeAlgorithms.csproj", "{808524D4-606B-4BDE-BAF0-7EEF9B6F7401}"
EndProject
Global
	GlobalSection(SolutionConfigurationPlatforms) = preSolution
		Debug|Any CPU = Debug|Any CPU
		Release|Any CPU = Release|Any CPU
	EndGlobalSection
	GlobalSection(ProjectConfigurationPlatforms) = postSolution
		{808524D4-606B-4BDE-BAF0-7EEF9B6F7401}.Debug|Any CPU.ActiveCfg = Debug|Any CPU
		{808524D4-606B-4BDE-BAF0-7EEF9B6F7401}.Debug|Any CPU.Build.0 = Debug|Any CPU
		{808524D4-606B-4BDE-BAF0-7EEF9B6F7401}.Release|Any CPU.ActiveCfg = Release|Any CPU
		{808524D4-606B-4BDE-BAF0-7EEF9B6F7401}.Release|Any CPU.Build.0 = Release|Any CPU
	EndGlobalSection
	GlobalSection(SolutionProperties) = preSolution
		HideSolutionNode = FALSE
	EndGlobalSection
	GlobalSection(ExtensibilityGlobals) = postSolution
		SolutionGuid = {3E6FA5A9-12A5-484C-8DD8-BF2323C8FC1C}
	EndGlobalSection
EndGlobal
