
Microsoft Visual Studio Solution File, Format Version 12.00
# Visual Studio Version 17
VisualStudioVersion = 17.8.34511.84
MinimumVisualStudioVersion = 10.0.40219.1
Project("{9A19103F-16F7-4668-BE54-9A1E7A4F7556}") = "MergeSortedArray", "MergeSortedArray\MergeSortedArray.csproj", "{B13251BD-231B-4174-B8F8-60F887CDF268}"
EndProject
Global
	GlobalSection(SolutionConfigurationPlatforms) = preSolution
		Debug|Any CPU = Debug|Any CPU
		Release|Any CPU = Release|Any CPU
	EndGlobalSection
	GlobalSection(ProjectConfigurationPlatforms) = postSolution
		{B13251BD-231B-4174-B8F8-60F887CDF268}.Debug|Any CPU.ActiveCfg = Debug|Any CPU
		{B13251BD-231B-4174-B8F8-60F887CDF268}.Debug|Any CPU.Build.0 = Debug|Any CPU
		{B13251BD-231B-4174-B8F8-60F887CDF268}.Release|Any CPU.ActiveCfg = Release|Any CPU
		{B13251BD-231B-4174-B8F8-60F887CDF268}.Release|Any CPU.Build.0 = Release|Any CPU
	EndGlobalSection
	GlobalSection(SolutionProperties) = preSolution
		HideSolutionNode = FALSE
	EndGlobalSection
	GlobalSection(ExtensibilityGlobals) = postSolution
		SolutionGuid = {3E6FA5A9-12A5-484C-8DD8-BF2323C8FC1C}
	EndGlobalSection
EndGlobal
