
Microsoft Visual Studio Solution File, Format Version 12.00
# Visual Studio Version 17
VisualStudioVersion = 17.8.34511.84
MinimumVisualStudioVersion = 10.0.40219.1
Project("{9A19103F-16F7-4668-BE54-9A1E7A4F7556}") = "MergeSortedArray", "MergeSortedArray\MergeSortedArray.csproj", "{B13251BD-231B-4174-B8F8-60F887CDF268}"
EndProject
Project("{9A19103F-16F7-4668-BE54-9A1E7A4F7556}") = "RemoveElement", "RemoveElement\RemoveElement.csproj", "{7184EAB6-B7B8-4CB7-835A-B14F4A09E70B}"
EndProject
Project("{9A19103F-16F7-4668-BE54-9A1E7A4F7556}") = "RemoveDuplicatesFromSortedArray", "RemoveDuplicatesFromSortedArray\RemoveDuplicatesFromSortedArray.csproj", "{DA6C6B6A-3CE4-4DD3-8003-F917F6DD174B}"
EndProject
Project("{9A19103F-16F7-4668-BE54-9A1E7A4F7556}") = "RemoveDuplicatesFromSortedArray2", "RemoveDuplicatesFromSortedArray2\RemoveDuplicatesFromSortedArray2.csproj", "{8F702F59-0FBE-4BA6-9190-18A2A97BD9B4}"
EndProject
Project("{9A19103F-16F7-4668-BE54-9A1E7A4F7556}") = "MajorityElement", "MajorityElement\MajorityElement.csproj", "{47D37594-4309-49ED-93A4-9164E8D862EB}"
EndProject
Project("{9A19103F-16F7-4668-BE54-9A1E7A4F7556}") = "RotateArray", "RotateArray\RotateArray.csproj", "{1D3FCD52-DBBB-4D6A-A2BE-E311546CA420}"
EndProject
Project("{9A19103F-16F7-4668-BE54-9A1E7A4F7556}") = "RomanToInteger", "RomanToInteger\RomanToInteger.csproj", "{83A9B4C4-D72E-487A-9DC9-EEB2B4701D05}"
EndProject
Project("{9A19103F-16F7-4668-BE54-9A1E7A4F7556}") = "IntegerToRoman", "IntegerToRoman\IntegerToRoman.csproj", "{6CA5D87B-900A-4C24-B714-088EC7AEC6C6}"
EndProject
Project("{9A19103F-16F7-4668-BE54-9A1E7A4F7556}") = "LengthOfLastWord", "LengthOfLastWord\LengthOfLastWord.csproj", "{67E5CEEA-4513-4564-A045-1D467DEB652D}"
EndProject
Project("{9A19103F-16F7-4668-BE54-9A1E7A4F7556}") = "LongestCommonPrefix", "LongestCommonPrefix\LongestCommonPrefix.csproj", "{38E33AEE-2A1D-448D-A86A-91BD6FF6FFBC}"
EndProject
Project("{9A19103F-16F7-4668-BE54-9A1E7A4F7556}") = "ReverseWordsInAString", "ReverseWordsInAString\ReverseWordsInAString.csproj", "{E24F119F-247C-48D2-8149-B43461CF12AC}"
EndProject
Project("{9A19103F-16F7-4668-BE54-9A1E7A4F7556}") = "FindTheIndexOfTheFirstOccurenceInAString", "FindTheIndexOfTheFirstOccurenceInAString\FindTheIndexOfTheFirstOccurenceInAString.csproj", "{4AF50924-9B9E-4743-AC58-CC5B03968E87}"
EndProject
Project("{9A19103F-16F7-4668-BE54-9A1E7A4F7556}") = "RansomNote", "RansomNote\RansomNote.csproj", "{8E07D0F9-68DA-4957-8087-47DE7ED4D789}"
EndProject
Project("{9A19103F-16F7-4668-BE54-9A1E7A4F7556}") = "IsomorphicStrings", "IsomorphicStrings\IsomorphicStrings.csproj", "{2148D657-D5C9-4292-A1A6-6B6C54913558}"
EndProject
Project("{9A19103F-16F7-4668-BE54-9A1E7A4F7556}") = "WordPattern", "WordPattern\WordPattern.csproj", "{45C2FD69-6789-435F-9877-57C7C74AAC83}"
EndProject
Project("{9A19103F-16F7-4668-BE54-9A1E7A4F7556}") = "ValidSudoku", "ValidSudoku\ValidSudoku.csproj", "{8A0DBE0F-B9DC-4C4A-9C4D-E2B0A710EDD6}"
EndProject
Project("{9A19103F-16F7-4668-BE54-9A1E7A4F7556}") = "BestTimeToBuyAndSellStock", "BestTimeToBuyAndSellStock\BestTimeToBuyAndSellStock.csproj", "{EE1A3DB0-B61C-43D7-803B-BAE58DCEA87B}"
EndProject
Project("{9A19103F-16F7-4668-BE54-9A1E7A4F7556}") = "BestTimeToBuyAndSellStock2", "BestTimeToBuyAndSellStock2\BestTimeToBuyAndSellStock2.csproj", "{FA58B317-9733-471D-A0C0-185AFDFAD449}"
EndProject
Project("{9A19103F-16F7-4668-BE54-9A1E7A4F7556}") = "JumpGame", "JumpGame\JumpGame.csproj", "{941DA11F-919F-4B46-A239-354C1DF0B342}"
EndProject
Project("{9A19103F-16F7-4668-BE54-9A1E7A4F7556}") = "JumpGame2", "JumpGame2\JumpGame2.csproj", "{7F84680D-3244-4145-969A-BF94D58FFDE9}"
EndProject
Project("{9A19103F-16F7-4668-BE54-9A1E7A4F7556}") = "H_Index", "H_Index\H_Index.csproj", "{8FC53B71-DF56-451A-BAEB-3AFF591A8D46}"
EndProject
Project("{9A19103F-16F7-4668-BE54-9A1E7A4F7556}") = "InsertDeleteGetRandom", "InsertDeleteGetRandom\InsertDeleteGetRandom.csproj", "{0D97F84D-17C7-42AF-A3EB-78252032BB3B}"
EndProject
Project("{9A19103F-16F7-4668-BE54-9A1E7A4F7556}") = "ProductOfArrayExceptSelf", "ProductOfArrayExceptSelf\ProductOfArrayExceptSelf.csproj", "{DAE40857-F178-4B7C-9801-3E4A7CBFBB4D}"
EndProject
Project("{9A19103F-16F7-4668-BE54-9A1E7A4F7556}") = "GasStation", "GasStation\GasStation.csproj", "{2F96A1C7-5D8F-4502-BF78-B07CE8BC0E18}"
EndProject
Project("{9A19103F-16F7-4668-BE54-9A1E7A4F7556}") = "PalindromeNumber", "PalindromeNumber\PalindromeNumber.csproj", "{A3D64BD8-C084-435E-9BFD-D413D872AEA1}"
EndProject
Project("{9A19103F-16F7-4668-BE54-9A1E7A4F7556}") = "Sqrt(x)", "Sqrt(x)\Sqrt(x).csproj", "{1369C920-8DE8-4F73-ACAF-C655E917CC03}"
EndProject
Project("{9A19103F-16F7-4668-BE54-9A1E7A4F7556}") = "Pow(x,n)", "Pow(x,n)\Pow(x,n).csproj", "{8FBF2EDE-C67C-4497-AF57-6F9A311FD605}"
EndProject
Project("{9A19103F-16F7-4668-BE54-9A1E7A4F7556}") = "AddBinary", "AddBinary\AddBinary.csproj", "{7926ED69-DD8D-4944-880D-AA156AE69A7C}"
EndProject
Project("{9A19103F-16F7-4668-BE54-9A1E7A4F7556}") = "ClimbingStairs", "ClimbingStairs\ClimbingStairs.csproj", "{9C1168B0-EB71-4FCB-BE0F-A223C51C5D96}"
EndProject
Project("{9A19103F-16F7-4668-BE54-9A1E7A4F7556}") = "SearchInsertPosition", "SearchInsertPosition\SearchInsertPosition.csproj", "{6D194C1B-5B60-44B2-ADDB-DDA4D6C1AB5F}"
EndProject
Project("{FAE04EC0-301F-11D3-BF4B-00C04F79EFBC}") = "SearchA2DMatrix", "SearchA2DMatrix\SearchA2DMatrix.csproj", "{3DC3B154-1AAB-4567-B603-4B992EA08AB9}"
EndProject
Project("{FAE04EC0-301F-11D3-BF4B-00C04F79EFBC}") = "PlusOne", "PlusOne\PlusOne.csproj", "{FB54FF00-A2C3-46DF-8322-16FD498DB1D0}"
EndProject
Global
	GlobalSection(SolutionConfigurationPlatforms) = preSolution
		Debug|Any CPU = Debug|Any CPU
		Release|Any CPU = Release|Any CPU
	EndGlobalSection
	GlobalSection(ProjectConfigurationPlatforms) = postSolution
		{B13251BD-231B-4174-B8F8-60F887CDF268}.Debug|Any CPU.ActiveCfg = Debug|Any CPU
		{B13251BD-231B-4174-B8F8-60F887CDF268}.Debug|Any CPU.Build.0 = Debug|Any CPU
		{B13251BD-231B-4174-B8F8-60F887CDF268}.Release|Any CPU.ActiveCfg = Release|Any CPU
		{B13251BD-231B-4174-B8F8-60F887CDF268}.Release|Any CPU.Build.0 = Release|Any CPU
		{7184EAB6-B7B8-4CB7-835A-B14F4A09E70B}.Debug|Any CPU.ActiveCfg = Debug|Any CPU
		{7184EAB6-B7B8-4CB7-835A-B14F4A09E70B}.Debug|Any CPU.Build.0 = Debug|Any CPU
		{7184EAB6-B7B8-4CB7-835A-B14F4A09E70B}.Release|Any CPU.ActiveCfg = Release|Any CPU
		{7184EAB6-B7B8-4CB7-835A-B14F4A09E70B}.Release|Any CPU.Build.0 = Release|Any CPU
		{DA6C6B6A-3CE4-4DD3-8003-F917F6DD174B}.Debug|Any CPU.ActiveCfg = Debug|Any CPU
		{DA6C6B6A-3CE4-4DD3-8003-F917F6DD174B}.Debug|Any CPU.Build.0 = Debug|Any CPU
		{DA6C6B6A-3CE4-4DD3-8003-F917F6DD174B}.Release|Any CPU.ActiveCfg = Release|Any CPU
		{DA6C6B6A-3CE4-4DD3-8003-F917F6DD174B}.Release|Any CPU.Build.0 = Release|Any CPU
		{8F702F59-0FBE-4BA6-9190-18A2A97BD9B4}.Debug|Any CPU.ActiveCfg = Debug|Any CPU
		{8F702F59-0FBE-4BA6-9190-18A2A97BD9B4}.Debug|Any CPU.Build.0 = Debug|Any CPU
		{8F702F59-0FBE-4BA6-9190-18A2A97BD9B4}.Release|Any CPU.ActiveCfg = Release|Any CPU
		{8F702F59-0FBE-4BA6-9190-18A2A97BD9B4}.Release|Any CPU.Build.0 = Release|Any CPU
		{47D37594-4309-49ED-93A4-9164E8D862EB}.Debug|Any CPU.ActiveCfg = Debug|Any CPU
		{47D37594-4309-49ED-93A4-9164E8D862EB}.Debug|Any CPU.Build.0 = Debug|Any CPU
		{47D37594-4309-49ED-93A4-9164E8D862EB}.Release|Any CPU.ActiveCfg = Release|Any CPU
		{47D37594-4309-49ED-93A4-9164E8D862EB}.Release|Any CPU.Build.0 = Release|Any CPU
		{1D3FCD52-DBBB-4D6A-A2BE-E311546CA420}.Debug|Any CPU.ActiveCfg = Debug|Any CPU
		{1D3FCD52-DBBB-4D6A-A2BE-E311546CA420}.Debug|Any CPU.Build.0 = Debug|Any CPU
		{1D3FCD52-DBBB-4D6A-A2BE-E311546CA420}.Release|Any CPU.ActiveCfg = Release|Any CPU
		{1D3FCD52-DBBB-4D6A-A2BE-E311546CA420}.Release|Any CPU.Build.0 = Release|Any CPU
		{83A9B4C4-D72E-487A-9DC9-EEB2B4701D05}.Debug|Any CPU.ActiveCfg = Debug|Any CPU
		{83A9B4C4-D72E-487A-9DC9-EEB2B4701D05}.Debug|Any CPU.Build.0 = Debug|Any CPU
		{83A9B4C4-D72E-487A-9DC9-EEB2B4701D05}.Release|Any CPU.ActiveCfg = Release|Any CPU
		{83A9B4C4-D72E-487A-9DC9-EEB2B4701D05}.Release|Any CPU.Build.0 = Release|Any CPU
		{6CA5D87B-900A-4C24-B714-088EC7AEC6C6}.Debug|Any CPU.ActiveCfg = Debug|Any CPU
		{6CA5D87B-900A-4C24-B714-088EC7AEC6C6}.Debug|Any CPU.Build.0 = Debug|Any CPU
		{6CA5D87B-900A-4C24-B714-088EC7AEC6C6}.Release|Any CPU.ActiveCfg = Release|Any CPU
		{6CA5D87B-900A-4C24-B714-088EC7AEC6C6}.Release|Any CPU.Build.0 = Release|Any CPU
		{67E5CEEA-4513-4564-A045-1D467DEB652D}.Debug|Any CPU.ActiveCfg = Debug|Any CPU
		{67E5CEEA-4513-4564-A045-1D467DEB652D}.Debug|Any CPU.Build.0 = Debug|Any CPU
		{67E5CEEA-4513-4564-A045-1D467DEB652D}.Release|Any CPU.ActiveCfg = Release|Any CPU
		{67E5CEEA-4513-4564-A045-1D467DEB652D}.Release|Any CPU.Build.0 = Release|Any CPU
		{38E33AEE-2A1D-448D-A86A-91BD6FF6FFBC}.Debug|Any CPU.ActiveCfg = Debug|Any CPU
		{38E33AEE-2A1D-448D-A86A-91BD6FF6FFBC}.Debug|Any CPU.Build.0 = Debug|Any CPU
		{38E33AEE-2A1D-448D-A86A-91BD6FF6FFBC}.Release|Any CPU.ActiveCfg = Release|Any CPU
		{38E33AEE-2A1D-448D-A86A-91BD6FF6FFBC}.Release|Any CPU.Build.0 = Release|Any CPU
		{E24F119F-247C-48D2-8149-B43461CF12AC}.Debug|Any CPU.ActiveCfg = Debug|Any CPU
		{E24F119F-247C-48D2-8149-B43461CF12AC}.Debug|Any CPU.Build.0 = Debug|Any CPU
		{E24F119F-247C-48D2-8149-B43461CF12AC}.Release|Any CPU.ActiveCfg = Release|Any CPU
		{E24F119F-247C-48D2-8149-B43461CF12AC}.Release|Any CPU.Build.0 = Release|Any CPU
		{4AF50924-9B9E-4743-AC58-CC5B03968E87}.Debug|Any CPU.ActiveCfg = Debug|Any CPU
		{4AF50924-9B9E-4743-AC58-CC5B03968E87}.Debug|Any CPU.Build.0 = Debug|Any CPU
		{4AF50924-9B9E-4743-AC58-CC5B03968E87}.Release|Any CPU.ActiveCfg = Release|Any CPU
		{4AF50924-9B9E-4743-AC58-CC5B03968E87}.Release|Any CPU.Build.0 = Release|Any CPU
		{8E07D0F9-68DA-4957-8087-47DE7ED4D789}.Debug|Any CPU.ActiveCfg = Debug|Any CPU
		{8E07D0F9-68DA-4957-8087-47DE7ED4D789}.Debug|Any CPU.Build.0 = Debug|Any CPU
		{8E07D0F9-68DA-4957-8087-47DE7ED4D789}.Release|Any CPU.ActiveCfg = Release|Any CPU
		{8E07D0F9-68DA-4957-8087-47DE7ED4D789}.Release|Any CPU.Build.0 = Release|Any CPU
		{2148D657-D5C9-4292-A1A6-6B6C54913558}.Debug|Any CPU.ActiveCfg = Debug|Any CPU
		{2148D657-D5C9-4292-A1A6-6B6C54913558}.Debug|Any CPU.Build.0 = Debug|Any CPU
		{2148D657-D5C9-4292-A1A6-6B6C54913558}.Release|Any CPU.ActiveCfg = Release|Any CPU
		{2148D657-D5C9-4292-A1A6-6B6C54913558}.Release|Any CPU.Build.0 = Release|Any CPU
		{45C2FD69-6789-435F-9877-57C7C74AAC83}.Debug|Any CPU.ActiveCfg = Debug|Any CPU
		{45C2FD69-6789-435F-9877-57C7C74AAC83}.Debug|Any CPU.Build.0 = Debug|Any CPU
		{45C2FD69-6789-435F-9877-57C7C74AAC83}.Release|Any CPU.ActiveCfg = Release|Any CPU
		{45C2FD69-6789-435F-9877-57C7C74AAC83}.Release|Any CPU.Build.0 = Release|Any CPU
		{8A0DBE0F-B9DC-4C4A-9C4D-E2B0A710EDD6}.Debug|Any CPU.ActiveCfg = Debug|Any CPU
		{8A0DBE0F-B9DC-4C4A-9C4D-E2B0A710EDD6}.Debug|Any CPU.Build.0 = Debug|Any CPU
		{8A0DBE0F-B9DC-4C4A-9C4D-E2B0A710EDD6}.Release|Any CPU.ActiveCfg = Release|Any CPU
		{8A0DBE0F-B9DC-4C4A-9C4D-E2B0A710EDD6}.Release|Any CPU.Build.0 = Release|Any CPU
		{EE1A3DB0-B61C-43D7-803B-BAE58DCEA87B}.Debug|Any CPU.ActiveCfg = Debug|Any CPU
		{EE1A3DB0-B61C-43D7-803B-BAE58DCEA87B}.Debug|Any CPU.Build.0 = Debug|Any CPU
		{EE1A3DB0-B61C-43D7-803B-BAE58DCEA87B}.Release|Any CPU.ActiveCfg = Release|Any CPU
		{EE1A3DB0-B61C-43D7-803B-BAE58DCEA87B}.Release|Any CPU.Build.0 = Release|Any CPU
		{FA58B317-9733-471D-A0C0-185AFDFAD449}.Debug|Any CPU.ActiveCfg = Debug|Any CPU
		{FA58B317-9733-471D-A0C0-185AFDFAD449}.Debug|Any CPU.Build.0 = Debug|Any CPU
		{FA58B317-9733-471D-A0C0-185AFDFAD449}.Release|Any CPU.ActiveCfg = Release|Any CPU
		{FA58B317-9733-471D-A0C0-185AFDFAD449}.Release|Any CPU.Build.0 = Release|Any CPU
		{941DA11F-919F-4B46-A239-354C1DF0B342}.Debug|Any CPU.ActiveCfg = Debug|Any CPU
		{941DA11F-919F-4B46-A239-354C1DF0B342}.Debug|Any CPU.Build.0 = Debug|Any CPU
		{941DA11F-919F-4B46-A239-354C1DF0B342}.Release|Any CPU.ActiveCfg = Release|Any CPU
		{941DA11F-919F-4B46-A239-354C1DF0B342}.Release|Any CPU.Build.0 = Release|Any CPU
		{7F84680D-3244-4145-969A-BF94D58FFDE9}.Debug|Any CPU.ActiveCfg = Debug|Any CPU
		{7F84680D-3244-4145-969A-BF94D58FFDE9}.Debug|Any CPU.Build.0 = Debug|Any CPU
		{7F84680D-3244-4145-969A-BF94D58FFDE9}.Release|Any CPU.ActiveCfg = Release|Any CPU
		{7F84680D-3244-4145-969A-BF94D58FFDE9}.Release|Any CPU.Build.0 = Release|Any CPU
		{8FC53B71-DF56-451A-BAEB-3AFF591A8D46}.Debug|Any CPU.ActiveCfg = Debug|Any CPU
		{8FC53B71-DF56-451A-BAEB-3AFF591A8D46}.Debug|Any CPU.Build.0 = Debug|Any CPU
		{8FC53B71-DF56-451A-BAEB-3AFF591A8D46}.Release|Any CPU.ActiveCfg = Release|Any CPU
		{8FC53B71-DF56-451A-BAEB-3AFF591A8D46}.Release|Any CPU.Build.0 = Release|Any CPU
		{0D97F84D-17C7-42AF-A3EB-78252032BB3B}.Debug|Any CPU.ActiveCfg = Debug|Any CPU
		{0D97F84D-17C7-42AF-A3EB-78252032BB3B}.Debug|Any CPU.Build.0 = Debug|Any CPU
		{0D97F84D-17C7-42AF-A3EB-78252032BB3B}.Release|Any CPU.ActiveCfg = Release|Any CPU
		{0D97F84D-17C7-42AF-A3EB-78252032BB3B}.Release|Any CPU.Build.0 = Release|Any CPU
		{DAE40857-F178-4B7C-9801-3E4A7CBFBB4D}.Debug|Any CPU.ActiveCfg = Debug|Any CPU
		{DAE40857-F178-4B7C-9801-3E4A7CBFBB4D}.Debug|Any CPU.Build.0 = Debug|Any CPU
		{DAE40857-F178-4B7C-9801-3E4A7CBFBB4D}.Release|Any CPU.ActiveCfg = Release|Any CPU
		{DAE40857-F178-4B7C-9801-3E4A7CBFBB4D}.Release|Any CPU.Build.0 = Release|Any CPU
		{2F96A1C7-5D8F-4502-BF78-B07CE8BC0E18}.Debug|Any CPU.ActiveCfg = Debug|Any CPU
		{2F96A1C7-5D8F-4502-BF78-B07CE8BC0E18}.Debug|Any CPU.Build.0 = Debug|Any CPU
		{2F96A1C7-5D8F-4502-BF78-B07CE8BC0E18}.Release|Any CPU.ActiveCfg = Release|Any CPU
		{2F96A1C7-5D8F-4502-BF78-B07CE8BC0E18}.Release|Any CPU.Build.0 = Release|Any CPU
		{A3D64BD8-C084-435E-9BFD-D413D872AEA1}.Debug|Any CPU.ActiveCfg = Debug|Any CPU
		{A3D64BD8-C084-435E-9BFD-D413D872AEA1}.Debug|Any CPU.Build.0 = Debug|Any CPU
		{A3D64BD8-C084-435E-9BFD-D413D872AEA1}.Release|Any CPU.ActiveCfg = Release|Any CPU
		{A3D64BD8-C084-435E-9BFD-D413D872AEA1}.Release|Any CPU.Build.0 = Release|Any CPU
		{1369C920-8DE8-4F73-ACAF-C655E917CC03}.Debug|Any CPU.ActiveCfg = Debug|Any CPU
		{1369C920-8DE8-4F73-ACAF-C655E917CC03}.Debug|Any CPU.Build.0 = Debug|Any CPU
		{1369C920-8DE8-4F73-ACAF-C655E917CC03}.Release|Any CPU.ActiveCfg = Release|Any CPU
		{1369C920-8DE8-4F73-ACAF-C655E917CC03}.Release|Any CPU.Build.0 = Release|Any CPU
		{8FBF2EDE-C67C-4497-AF57-6F9A311FD605}.Debug|Any CPU.ActiveCfg = Debug|Any CPU
		{8FBF2EDE-C67C-4497-AF57-6F9A311FD605}.Debug|Any CPU.Build.0 = Debug|Any CPU
		{8FBF2EDE-C67C-4497-AF57-6F9A311FD605}.Release|Any CPU.ActiveCfg = Release|Any CPU
		{8FBF2EDE-C67C-4497-AF57-6F9A311FD605}.Release|Any CPU.Build.0 = Release|Any CPU
		{7926ED69-DD8D-4944-880D-AA156AE69A7C}.Debug|Any CPU.ActiveCfg = Debug|Any CPU
		{7926ED69-DD8D-4944-880D-AA156AE69A7C}.Debug|Any CPU.Build.0 = Debug|Any CPU
		{7926ED69-DD8D-4944-880D-AA156AE69A7C}.Release|Any CPU.ActiveCfg = Release|Any CPU
		{7926ED69-DD8D-4944-880D-AA156AE69A7C}.Release|Any CPU.Build.0 = Release|Any CPU
		{9C1168B0-EB71-4FCB-BE0F-A223C51C5D96}.Debug|Any CPU.ActiveCfg = Debug|Any CPU
		{9C1168B0-EB71-4FCB-BE0F-A223C51C5D96}.Debug|Any CPU.Build.0 = Debug|Any CPU
		{9C1168B0-EB71-4FCB-BE0F-A223C51C5D96}.Release|Any CPU.ActiveCfg = Release|Any CPU
		{9C1168B0-EB71-4FCB-BE0F-A223C51C5D96}.Release|Any CPU.Build.0 = Release|Any CPU
		{6D194C1B-5B60-44B2-ADDB-DDA4D6C1AB5F}.Debug|Any CPU.ActiveCfg = Debug|Any CPU
		{6D194C1B-5B60-44B2-ADDB-DDA4D6C1AB5F}.Debug|Any CPU.Build.0 = Debug|Any CPU
		{6D194C1B-5B60-44B2-ADDB-DDA4D6C1AB5F}.Release|Any CPU.ActiveCfg = Release|Any CPU
		{6D194C1B-5B60-44B2-ADDB-DDA4D6C1AB5F}.Release|Any CPU.Build.0 = Release|Any CPU
		{3DC3B154-1AAB-4567-B603-4B992EA08AB9}.Debug|Any CPU.ActiveCfg = Debug|Any CPU
		{3DC3B154-1AAB-4567-B603-4B992EA08AB9}.Debug|Any CPU.Build.0 = Debug|Any CPU
		{3DC3B154-1AAB-4567-B603-4B992EA08AB9}.Release|Any CPU.ActiveCfg = Release|Any CPU
		{3DC3B154-1AAB-4567-B603-4B992EA08AB9}.Release|Any CPU.Build.0 = Release|Any CPU
		{FB54FF00-A2C3-46DF-8322-16FD498DB1D0}.Debug|Any CPU.ActiveCfg = Debug|Any CPU
		{FB54FF00-A2C3-46DF-8322-16FD498DB1D0}.Debug|Any CPU.Build.0 = Debug|Any CPU
		{FB54FF00-A2C3-46DF-8322-16FD498DB1D0}.Release|Any CPU.ActiveCfg = Release|Any CPU
		{FB54FF00-A2C3-46DF-8322-16FD498DB1D0}.Release|Any CPU.Build.0 = Release|Any CPU
	EndGlobalSection
	GlobalSection(SolutionProperties) = preSolution
		HideSolutionNode = FALSE
	EndGlobalSection
	GlobalSection(ExtensibilityGlobals) = postSolution
		SolutionGuid = {3E6FA5A9-12A5-484C-8DD8-BF2323C8FC1C}
	EndGlobalSection
EndGlobal
